
Microsoft Visual Studio Solution File, Format Version 12.00
# Visual Studio 14
VisualStudioVersion = 14.0.25420.1
MinimumVisualStudioVersion = 10.0.40219.1
Project("{FAE04EC0-301F-11D3-BF4B-00C04F79EFBC}") = "NextBiggerNumber", "NextBiggerNumber\NextBiggerNumber.csproj", "{E2AB5171-AE61-440C-86F7-DE9863B2FB9C}"
EndProject
Project("{FAE04EC0-301F-11D3-BF4B-00C04F79EFBC}") = "NextBiggerNumber.Test", "NextBiggerNumber.Test\NextBiggerNumber.Test.csproj", "{09BF4326-5D21-4E14-89CD-533EEA905267}"
EndProject
Global
	GlobalSection(SolutionConfigurationPlatforms) = preSolution
		Debug|Any CPU = Debug|Any CPU
		Release|Any CPU = Release|Any CPU
	EndGlobalSection
	GlobalSection(ProjectConfigurationPlatforms) = postSolution
		{E2AB5171-AE61-440C-86F7-DE9863B2FB9C}.Debug|Any CPU.ActiveCfg = Debug|Any CPU
		{E2AB5171-AE61-440C-86F7-DE9863B2FB9C}.Debug|Any CPU.Build.0 = Debug|Any CPU
		{E2AB5171-AE61-440C-86F7-DE9863B2FB9C}.Release|Any CPU.ActiveCfg = Release|Any CPU
		{E2AB5171-AE61-440C-86F7-DE9863B2FB9C}.Release|Any CPU.Build.0 = Release|Any CPU
		{09BF4326-5D21-4E14-89CD-533EEA905267}.Debug|Any CPU.ActiveCfg = Debug|Any CPU
		{09BF4326-5D21-4E14-89CD-533EEA905267}.Debug|Any CPU.Build.0 = Debug|Any CPU
		{09BF4326-5D21-4E14-89CD-533EEA905267}.Release|Any CPU.ActiveCfg = Release|Any CPU
		{09BF4326-5D21-4E14-89CD-533EEA905267}.Release|Any CPU.Build.0 = Release|Any CPU
	EndGlobalSection
	GlobalSection(SolutionProperties) = preSolution
		HideSolutionNode = FALSE
	EndGlobalSection
EndGlobal
