
Microsoft Visual Studio Solution File, Format Version 12.00
# Visual Studio 14
VisualStudioVersion = 14.0.25420.1
MinimumVisualStudioVersion = 10.0.40219.1
Project("{FAE04EC0-301F-11D3-BF4B-00C04F79EFBC}") = "TortoiseRacing", "TortoiseRacing\TortoiseRacing.csproj", "{7B213BF1-44FF-4461-9303-A329398FB71D}"
EndProject
Project("{FAE04EC0-301F-11D3-BF4B-00C04F79EFBC}") = "TortoiseRacing.Test", "TortoiseRacing.Test\TortoiseRacing.Test.csproj", "{56AF0CFF-6C2D-4B15-BDD3-FE6F9F2B9956}"
EndProject
Global
	GlobalSection(SolutionConfigurationPlatforms) = preSolution
		Debug|Any CPU = Debug|Any CPU
		Release|Any CPU = Release|Any CPU
	EndGlobalSection
	GlobalSection(ProjectConfigurationPlatforms) = postSolution
		{7B213BF1-44FF-4461-9303-A329398FB71D}.Debug|Any CPU.ActiveCfg = Debug|Any CPU
		{7B213BF1-44FF-4461-9303-A329398FB71D}.Debug|Any CPU.Build.0 = Debug|Any CPU
		{7B213BF1-44FF-4461-9303-A329398FB71D}.Release|Any CPU.ActiveCfg = Release|Any CPU
		{7B213BF1-44FF-4461-9303-A329398FB71D}.Release|Any CPU.Build.0 = Release|Any CPU
		{56AF0CFF-6C2D-4B15-BDD3-FE6F9F2B9956}.Debug|Any CPU.ActiveCfg = Debug|Any CPU
		{56AF0CFF-6C2D-4B15-BDD3-FE6F9F2B9956}.Debug|Any CPU.Build.0 = Debug|Any CPU
		{56AF0CFF-6C2D-4B15-BDD3-FE6F9F2B9956}.Release|Any CPU.ActiveCfg = Release|Any CPU
		{56AF0CFF-6C2D-4B15-BDD3-FE6F9F2B9956}.Release|Any CPU.Build.0 = Release|Any CPU
	EndGlobalSection
	GlobalSection(SolutionProperties) = preSolution
		HideSolutionNode = FALSE
	EndGlobalSection
EndGlobal
